{
  "name": "scopenet-icons",
  "lockfileVersion": 3,
  "requires": true,
  "packages": {
    "": {
      "name": "scopenet-icons",
      "dependencies": {
        "@iconify-json/akar-icons": "latest",
        "@iconify-json/bi": "latest",
        "@iconify-json/bx": "latest",
        "@iconify-json/carbon": "latest",
        "@iconify-json/circle-flags": "latest",
        "@iconify-json/cryptocurrency-color": "latest",
        "@iconify-json/devicon": "latest",
        "@iconify-json/fa6-brands": "latest",
        "@iconify-json/fa6-regular": "latest",
        "@iconify-json/fa6-solid": "latest",
        "@iconify-json/flat-color-icons": "latest",
        "@iconify-json/fluent": "latest",
        "@iconify-json/fluent-emoji-flat": "latest",
        "@iconify-json/game-icons": "latest",
        "@iconify-json/gravity-ui": "latest",
        "@iconify-json/heroicons": "latest",
        "@iconify-json/hugeicons": "latest",
        "@iconify-json/iconoir": "latest",
        "@iconify-json/ion": "latest",
        "@iconify-json/line-md": "latest",
        "@iconify-json/logos": "latest",
        "@iconify-json/lucide": "latest",
        "@iconify-json/majesticons": "latest",
        "@iconify-json/material-symbols": "latest",
        "@iconify-json/mdi": "latest",
        "@iconify-json/mingcute": "latest",
        "@iconify-json/octicon": "latest",
        "@iconify-json/ph": "latest",
        "@iconify-json/pixelarticons": "latest",
        "@iconify-json/radix-icons": "latest",
        "@iconify-json/ri": "latest",
        "@iconify-json/simple-icons": "latest",
        "@iconify-json/skill-icons": "latest",
        "@iconify-json/solar": "latest",
        "@iconify-json/streamline-emojis": "latest",
        "@iconify-json/tabler": "latest",
        "@iconify-json/uil": "latest"
      }
    },
    "node_modules/@iconify-json/akar-icons": {
      "version": "1.2.7",
      "resolved": "https://registry.npmjs.org/@iconify-json/akar-icons/-/akar-icons-1.2.7.tgz",
      "integrity": "sha512-cw44dCnZgGhm6Tywxm0WALAnDB9AyGkDk7kiLMo2B/Ayt7duZu/uyrsqb55weWUN8Ge2sQAOl8MRtT6bFcLzPg==",
      "license": "MIT",
      "dependencies": {
        "@iconify/types": "*"
      }
    },
    "node_modules/@iconify-json/bi": {
      "version": "1.2.7",
      "resolved": "https://registry.npmjs.org/@iconify-json/bi/-/bi-1.2.7.tgz",
      "integrity": "sha512-IPz8WNxmLkH1I9msl+0Q4OnmjjvP4uU0Z61a4i4sqonB6vKSbMGUWuGn8/YuuszlReVj8rf+3gNv5JU8Xoljyg==",
      "license": "MIT",
      "dependencies": {
        "@iconify/types": "*"
      }
    },
    "node_modules/@iconify-json/bx": {
      "version": "1.2.3",
      "resolved": "https://registry.npmjs.org/@iconify-json/bx/-/bx-1.2.3.tgz",
      "integrity": "sha512-ihvX+2d688otgW7MAvUEdKVln+fZ28BJTlygazKUU/+RCODWT+2KObjAHe8+KPs4VhC8V6Tgoy1qrX0Myn/upA==",
      "license": "MIT",
      "dependencies": {
        "@iconify/types": "*"
      }
    },
    "node_modules/@iconify-json/carbon": {
      "version": "1.2.28",
      "resolved": "https://registry.npmjs.org/@iconify-json/carbon/-/carbon-1.2.28.tgz",
      "integrity": "sha512-dog92E0fGszJSrmeikPQmFrd4ptbdapogEhtZ9MCA9KiCNacYb2/nDi0euwsK0kTevsFiTy7Mte6QvRq3LDyHQ==",
      "license": "Apache-2.0",
      "dependencies": {
        "@iconify/types": "*"
      }
    },
    "node_modules/@iconify-json/circle-flags": {
      "version": "1.2.12",
      "resolved": "https://registry.npmjs.org/@iconify-json/circle-flags/-/circle-flags-1.2.12.tgz",
      "integrity": "sha512-TPuLJF7uDjqR2ZA7FldWEGz7gZijhnMG5K7B3nKKyJdGYU8KLHh7F4VcrFjUTJHG+ttGglYrHbw0GoIqCqoOyw==",
      "license": "MIT",
      "dependencies": {
        "@iconify/types": "*"
      }
    },
    "node_modules/@iconify-json/cryptocurrency-color": {
      "version": "1.2.4",
      "resolved": "https://registry.npmjs.org/@iconify-json/cryptocurrency-color/-/cryptocurrency-color-1.2.4.tgz",
      "integrity": "sha512-8vjIfTAAMg0zo3/CdVWV7YjViY1L/q4TFfjROmqRPCRPhM6iVecW4TzMFS8hxm48S2Ge69SNM1yC8FmHT+jfHw==",
      "license": "CC0-1.0",
      "dependencies": {
        "@iconify/types": "*"
      }
    },
    "node_modules/@iconify-json/devicon": {
      "version": "1.2.68",
      "resolved": "https://registry.npmjs.org/@iconify-json/devicon/-/devicon-1.2.68.tgz",
      "integrity": "sha512-4RNlCSNCSgDEOVMHkBOxgik9agJcVRcfXwAZcwMdIolWx/lvXHzo2kqcqTqQGviZuBbnv3L1lyd+CowyZE+I3g==",
      "license": "MIT",
      "dependencies": {
        "@iconify/types": "*"
      }
    },
    "node_modules/@iconify-json/fa6-brands": {
      "version": "1.2.6",
      "resolved": "https://registry.npmjs.org/@iconify-json/fa6-brands/-/fa6-brands-1.2.6.tgz",
      "integrity": "sha512-twL3X4KWcxAhbc1vz/mIDsVr+CAItk1/EIfxKUVQtpv6O4eydk5KNYqTZWdvJNHGInUgd6vKg21aWfVgb5DXEg==",
      "license": "CC-BY-4.0",
      "dependencies": {
        "@iconify/types": "*"
      }
    },
    "node_modules/@iconify-json/fa6-regular": {
      "version": "1.2.4",
      "resolved": "https://registry.npmjs.org/@iconify-json/fa6-regular/-/fa6-regular-1.2.4.tgz",
      "integrity": "sha512-fnUS/MLj3ZAp29oRsC8/aY8Wau7NIg7VesTz3jCcE6VJBzcz95Yxp/Dl5yHvkP+aQxrNw5Lj3nrOXB4nQh+oNA==",
      "license": "CC-BY-4.0",
      "dependencies": {
        "@iconify/types": "*"
      }
    },
    "node_modules/@iconify-json/fa6-solid": {
      "version": "1.2.4",
      "resolved": "https://registry.npmjs.org/@iconify-json/fa6-solid/-/fa6-solid-1.2.4.tgz",
      "integrity": "sha512-LmDNNdJVyvF5mPm1yxWvL8KjCc/E8LzoqnF1LNTVpyY2ZJRUlGOWuPIThdbuFBF2IovgttkIyumhyqfmlHdwKg==",
      "license": "CC-BY-4.0",
      "dependencies": {
        "@iconify/types": "*"
      }
    },
    "node_modules/@iconify-json/flat-color-icons": {
      "version": "1.2.3",
      "resolved": "https://registry.npmjs.org/@iconify-json/flat-color-icons/-/flat-color-icons-1.2.3.tgz",
      "integrity": "sha512-KcmJ7CY0TKFv5GuBjiS4/v++jEcNXna1jfY+yq014tnw/MN/jMI2oYpoMHGuIpYtUqDu7eove+WySnOYO8nS3w==",
      "license": "MIT",
      "dependencies": {
        "@iconify/types": "*"
      }
    },
    "node_modules/@iconify-json/fluent": {
      "version": "1.2.59",
      "resolved": "https://registry.npmjs.org/@iconify-json/fluent/-/fluent-1.2.59.tgz",
      "integrity": "sha512-fxed71Y7Tg6aXZCZeVyOevFQdMgbPPrIV+pE/3gTLxFlVLTtDkAsK/B/WZzkLUYxJ3cdoP0ex2a23Oi6ePhWkA==",
      "license": "MIT",
      "dependencies": {
        "@iconify/types": "*"
      }
    },
    "node_modules/@iconify-json/fluent-emoji-flat": {
      "version": "1.2.6",
      "resolved": "https://registry.npmjs.org/@iconify-json/fluent-emoji-flat/-/fluent-emoji-flat-1.2.6.tgz",
      "integrity": "sha512-RY47RgPb47fYUiyrA64sIOL0+UU02s29sXpNBbIQRBUlPlfNFTKUmZDERGuxDs/7yNGWqQYvuaSYM1M4fRXlUw==",
      "license": "MIT",
      "dependencies": {
        "@iconify/types": "*"
      }
    },
    "node_modules/@iconify-json/game-icons": {
      "version": "1.2.4",
      "resolved": "https://registry.npmjs.org/@iconify-json/game-icons/-/game-icons-1.2.4.tgz",
      "integrity": "sha512-/HDDZxowXgDJcOEwPspUCq5RuDdl25OyZKdtxqqiPJQNTrWIym7r4StLzIVs77DyNzOWWhH5wDqwYR3WHeDfkg==",
      "license": "CC-BY-3.0",
      "dependencies": {
        "@iconify/types": "*"
      }
    },
    "node_modules/@iconify-json/gravity-ui": {
      "version": "1.2.14",
      "resolved": "https://registry.npmjs.org/@iconify-json/gravity-ui/-/gravity-ui-1.2.14.tgz",
      "integrity": "sha512-d6ENT1S3YBs0ltTiuQIucun90C1mk//TVpe63tcIlzibujLMw9tpvZQ3Rb35xUyr5vcpxILEKr2spHD6uKaj5w==",
      "license": "MIT",
      "dependencies": {
        "@iconify/types": "*"
      }
    },
    "node_modules/@iconify-json/heroicons": {
      "version": "1.2.3",
      "resolved": "https://registry.npmjs.org/@iconify-json/heroicons/-/heroicons-1.2.3.tgz",
      "integrity": "sha512-n+vmCEgTesRsOpp5AB5ILB6srsgsYK+bieoQBNlafvoEhjVXLq8nIGN4B0v/s4DUfa0dOrjwE/cKJgIKdJXOEg==",
      "license": "MIT",
      "dependencies": {
        "@iconify/types": "*"
      }
    },
    "node_modules/@iconify-json/hugeicons": {
      "version": "1.2.35",
      "resolved": "https://registry.npmjs.org/@iconify-json/hugeicons/-/hugeicons-1.2.35.tgz",
      "integrity": "sha512-c06tY90JZnKhOLBAKoQ1z2pqXMRdATuYXslTKwaaIAjLzKsTIsE+GGknY6+qo/SP0U/NG9xQjr4N+zfDqOeQiQ==",
      "license": "MIT",
      "dependencies": {
        "@iconify/types": "*"
      }
    },
    "node_modules/@iconify-json/iconoir": {
      "version": "1.2.11",
      "resolved": "https://registry.npmjs.org/@iconify-json/iconoir/-/iconoir-1.2.11.tgz",
      "integrity": "sha512-clBrCsZPkmdksYOkufVp7aoAU1j1hFQPrLUooWWmoYIMvKskUHQ+IDnwV7agTR+tGYHbud7OP2SRfYEpnqFDNw==",
      "license": "MIT",
      "dependencies": {
        "@iconify/types": "*"
      }
    },
    "node_modules/@iconify-json/ion": {
      "version": "1.2.7",
      "resolved": "https://registry.npmjs.org/@iconify-json/ion/-/ion-1.2.7.tgz",
      "integrity": "sha512-ZJNG5kLCbTPr68mdP0jx6Q3lB9AMEQKO2+VvIjuJ2llGFICBLD+cvESn/qGDRIqSfk2D3PrFMf/Qg8WKIUV7cg==",
      "license": "MIT",
      "dependencies": {
        "@iconify/types": "*"
      }
    },
    "node_modules/@iconify-json/line-md": {
      "version": "1.2.16",
      "resolved": "https://registry.npmjs.org/@iconify-json/line-md/-/line-md-1.2.16.tgz",
      "integrity": "sha512-esHPUQUp30NyqJWa7MNu6ExdG8z/aEFC5r56rVyRGhtJ7acOme6YtYPnDOgVu6p+kk24rM8602xkFuBC6g6x+w==",
      "license": "MIT",
      "dependencies": {
        "@iconify/types": "*"
      }
    },
    "node_modules/@iconify-json/logos": {
      "version": "1.2.15",
      "resolved": "https://registry.npmjs.org/@iconify-json/logos/-/logos-1.2.15.tgz",
      "integrity": "sha512-87zwqEFatvpcK7lIIp0RnCbDAPWcG8bTK5hZI5SuD71za+opSuqtGvFUiSNt6wiyuY+nolrW/JW1K4/mBczWhQ==",
      "license": "CC0-1.0",
      "dependencies": {
        "@iconify/types": "*"
      }
    },
    "node_modules/@iconify-json/lucide": {
      "version": "1.2.138",
      "resolved": "https://registry.npmjs.org/@iconify-json/lucide/-/lucide-1.2.138.tgz",
      "integrity": "sha512-+J5+/6HOZsN6sG5PGNxGLcB0UCJtKrH2TPTNeSeXukRzR1C9QRocHaFjLRhoc14zE+XS2ss1i7QWPfunKpYHaQ==",
      "license": "ISC",
      "dependencies": {
        "@iconify/types": "*"
      }
    },
    "node_modules/@iconify-json/majesticons": {
      "version": "1.2.5",
      "resolved": "https://registry.npmjs.org/@iconify-json/majesticons/-/majesticons-1.2.5.tgz",
      "integrity": "sha512-tj0ZTiYOkz8HC365x7Pj8vXCsHCjVuFXcwoFG0iuMlvLrHslVlFhSTLjt/x/5r0ciCrtA5tLGpbV1uG0fdC56g==",
      "license": "MIT",
      "dependencies": {
        "@iconify/types": "*"
      }
    },
    "node_modules/@iconify-json/material-symbols": {
      "version": "1.2.93",
      "resolved": "https://registry.npmjs.org/@iconify-json/material-symbols/-/material-symbols-1.2.93.tgz",
      "integrity": "sha512-IfbpRixmEdeBrl2Bc+RtNZGb3NcTnMiPP4WausCParQYpIdezEYYbgMggJC1cYzm1q0f77p53t5tppy9PWsrvQ==",
      "license": "Apache-2.0",
      "dependencies": {
        "@iconify/types": "*"
      }
    },
    "node_modules/@iconify-json/mdi": {
      "version": "1.2.3",
      "resolved": "https://registry.npmjs.org/@iconify-json/mdi/-/mdi-1.2.3.tgz",
      "integrity": "sha512-O3cLwbDOK7NNDf2ihaQOH5F9JglnulNDFV7WprU2dSoZu3h3cWH//h74uQAB87brHmvFVxIOkuBX2sZSzYhScg==",
      "license": "Apache-2.0",
      "dependencies": {
        "@iconify/types": "*"
      }
    },
    "node_modules/@iconify-json/mingcute": {
      "version": "1.2.8",
      "resolved": "https://registry.npmjs.org/@iconify-json/mingcute/-/mingcute-1.2.8.tgz",
      "integrity": "sha512-J8VXpRwTpx5yzOzyhx3T4IXnfXIKTWFl3rZ9okcW4c+NMMuwkLvdmM4rkjB83tnYIhg5+kkeMpmw8tvSnxd4rQ==",
      "license": "Apache-2.0",
      "dependencies": {
        "@iconify/types": "*"
      }
    },
    "node_modules/@iconify-json/octicon": {
      "version": "1.2.36",
      "resolved": "https://registry.npmjs.org/@iconify-json/octicon/-/octicon-1.2.36.tgz",
      "integrity": "sha512-YHlJokjC+uBj1kSd7+YTRMNIN85TvAGr4ZJVOHCTzj0nyH64ImXRIZmh4P6Nbv0RGDd7hS7+UwEDGchFgGxxVw==",
      "license": "MIT",
      "dependencies": {
        "@iconify/types": "*"
      }
    },
    "node_modules/@iconify-json/ph": {
      "version": "1.2.2",
      "resolved": "https://registry.npmjs.org/@iconify-json/ph/-/ph-1.2.2.tgz",
      "integrity": "sha512-PgkEZNtqa8hBGjHXQa4pMwZa93hmfu8FUSjs/nv4oUU6yLsgv+gh9nu28Kqi8Fz9CCVu4hj1MZs9/60J57IzFw==",
      "license": "MIT",
      "dependencies": {
        "@iconify/types": "*"
      }
    },
    "node_modules/@iconify-json/pixelarticons": {
      "version": "1.2.9",
      "resolved": "https://registry.npmjs.org/@iconify-json/pixelarticons/-/pixelarticons-1.2.9.tgz",
      "integrity": "sha512-euvs0Lwcoo5CAz5VicRlxWxO/Aqk/nOxbUhPkXCqWl3ua79H6XVrtWWGVIwugecCBwMrxltf2ArD5O41MNRGSw==",
      "license": "MIT",
      "dependencies": {
        "@iconify/types": "*"
      }
    },
    "node_modules/@iconify-json/radix-icons": {
      "version": "1.2.6",
      "resolved": "https://registry.npmjs.org/@iconify-json/radix-icons/-/radix-icons-1.2.6.tgz",
      "integrity": "sha512-izgVBJwk37dSvsma1QsRMfCWQ4FIImbBmJId1WUURzRZA5fFyKlCcG/nZC8se0KhOBWszo2mYgLmhKJv/DFPoA==",
      "license": "MIT",
      "dependencies": {
        "@iconify/types": "*"
      }
    },
    "node_modules/@iconify-json/ri": {
      "version": "1.2.10",
      "resolved": "https://registry.npmjs.org/@iconify-json/ri/-/ri-1.2.10.tgz",
      "integrity": "sha512-WWMhoncVVM+Xmu9T5fgu2lhYRrKTEWhKk3Com0KiM111EeEsRLiASjpsFKnC/SrB6covhUp95r2mH8tGxhgd5Q==",
      "license": "Apache-2.0",
      "dependencies": {
        "@iconify/types": "*"
      }
    },
    "node_modules/@iconify-json/simple-icons": {
      "version": "1.2.98",
      "resolved": "https://registry.npmjs.org/@iconify-json/simple-icons/-/simple-icons-1.2.98.tgz",
      "integrity": "sha512-35CEBG1H/3nsohVgJaRWtOZ/P5syRTL++ZXTISdQSC76o1mAFXngFoSm9EOnnBiDApKPu8WN/DY+z69yCycL9A==",
      "license": "CC0-1.0",
      "dependencies": {
        "@iconify/types": "*"
      }
    },
    "node_modules/@iconify-json/skill-icons": {
      "version": "1.2.4",
      "resolved": "https://registry.npmjs.org/@iconify-json/skill-icons/-/skill-icons-1.2.4.tgz",
      "integrity": "sha512-S6iRKHGlGCb/zfx3Isv1TBe5PunbDE5FEwJcaXji60+yRZMrcFFtYEI1xivKqaGKXyVZ508yjGDItsehQdJmSg==",
      "license": "MIT",
      "dependencies": {
        "@iconify/types": "*"
      }
    },
    "node_modules/@iconify-json/solar": {
      "version": "1.2.13",
      "resolved": "https://registry.npmjs.org/@iconify-json/solar/-/solar-1.2.13.tgz",
      "integrity": "sha512-/ZWb6xRib6pzxD/qTkKWYhuzSU2yu0bY+EN0spgtz1NM3d5f4eYueQZpL3PfCdsg5uVfm4Ldtt3cAyQL+YI8/Q==",
      "license": "CC-BY-4.0",
      "dependencies": {
        "@iconify/types": "*"
      }
    },
    "node_modules/@iconify-json/streamline-emojis": {
      "version": "1.2.4",
      "resolved": "https://registry.npmjs.org/@iconify-json/streamline-emojis/-/streamline-emojis-1.2.4.tgz",
      "integrity": "sha512-iNr9T9XuZVTyQPJO8ZlLxBzPkpi7qMl+z1l0C31vpEMqhPMelth3n7CeWQYtixdetDPdI81yeG4ROqjWpYJE6A==",
      "license": "CC-BY-4.0",
      "dependencies": {
        "@iconify/types": "*"
      }
    },
    "node_modules/@iconify-json/tabler": {
      "version": "1.2.41",
      "resolved": "https://registry.npmjs.org/@iconify-json/tabler/-/tabler-1.2.41.tgz",
      "integrity": "sha512-GHg+H/cnr0anaCoV383JONiOMxZQOdojWYNLgL3x0fRE07YW7c+AHiYmIhXet//oq26T830qitdP7l43ojiCXw==",
      "license": "MIT",
      "dependencies": {
        "@iconify/types": "*"
      }
    },
    "node_modules/@iconify-json/uil": {
      "version": "1.2.3",
      "resolved": "https://registry.npmjs.org/@iconify-json/uil/-/uil-1.2.3.tgz",
      "integrity": "sha512-if91+UBhDQc6glPsIaXecGIcXnbQZfEO4Gdv89TV2xQ+V5e9GWbY5rNl2fsKZd8COsRQ5lRQAKimVQVL0CZZVg==",
      "license": "Apache-2.0",
      "dependencies": {
        "@iconify/types": "*"
      }
    },
    "node_modules/@iconify/types": {
      "version": "2.0.0",
      "resolved": "https://registry.npmjs.org/@iconify/types/-/types-2.0.0.tgz",
      "integrity": "sha512-+wluvCrRhXrhyOmRDJ3q8mux9JkKy5SJ/v8ol2tu4FVjyYvtEzkc/3pK15ET6RKg4b4w4BmTk1+gsCUhf21Ykg==",
      "license": "MIT"
    }
  }
}
